
Microsoft Visual Studio Solution File, Format Version 12.00
# Visual Studio Version 17
VisualStudioVersion = 17.7.34024.191
MinimumVisualStudioVersion = 10.0.40219.1
Project("{FAE04EC0-301F-11D3-BF4B-00C04F79EFBC}") = "iBOS-Assignment", "iBOS-Assignment\iBOS-Assignment.csproj", "{1C8F4456-5EED-4B20-A4EE-0CE50E498C6C}"
EndProject
Global
	GlobalSection(SolutionConfigurationPlatforms) = preSolution
		Debug|Any CPU = Debug|Any CPU
		Release|Any CPU = Release|Any CPU
	EndGlobalSection
	GlobalSection(ProjectConfigurationPlatforms) = postSolution
		{1C8F4456-5EED-4B20-A4EE-0CE50E498C6C}.Debug|Any CPU.ActiveCfg = Debug|Any CPU
		{1C8F4456-5EED-4B20-A4EE-0CE50E498C6C}.Debug|Any CPU.Build.0 = Debug|Any CPU
		{1C8F4456-5EED-4B20-A4EE-0CE50E498C6C}.Release|Any CPU.ActiveCfg = Release|Any CPU
		{1C8F4456-5EED-4B20-A4EE-0CE50E498C6C}.Release|Any CPU.Build.0 = Release|Any CPU
	EndGlobalSection
	GlobalSection(SolutionProperties) = preSolution
		HideSolutionNode = FALSE
	EndGlobalSection
	GlobalSection(ExtensibilityGlobals) = postSolution
		SolutionGuid = {CE0D3CCB-5DD6-419A-B4B7-CB689114BB58}
	EndGlobalSection
EndGlobal
